
Microsoft Visual Studio Solution File, Format Version 12.00
# Visual Studio 2012
Project("{8BC9CEB8-8B4A-11D0-8D11-00A0C91BC942}") = "ArrayStrings", "ArrayStrings\ArrayStrings.vcxproj", "{66D91647-97E8-4EC1-AFF1-31065EF85C55}"
EndProject
Global
	GlobalSection(SolutionConfigurationPlatforms) = preSolution
		Debug|Win32 = Debug|Win32
		Release|Win32 = Release|Win32
	EndGlobalSection
	GlobalSection(ProjectConfigurationPlatforms) = postSolution
		{66D91647-97E8-4EC1-AFF1-31065EF85C55}.Debug|Win32.ActiveCfg = Debug|Win32
		{66D91647-97E8-4EC1-AFF1-31065EF85C55}.Debug|Win32.Build.0 = Debug|Win32
		{66D91647-97E8-4EC1-AFF1-31065EF85C55}.Release|Win32.ActiveCfg = Release|Win32
		{66D91647-97E8-4EC1-AFF1-31065EF85C55}.Release|Win32.Build.0 = Release|Win32
	EndGlobalSection
	GlobalSection(SolutionProperties) = preSolution
		HideSolutionNode = FALSE
	EndGlobalSection
EndGlobal
