
Microsoft Visual Studio Solution File, Format Version 12.00
# Visual Studio 2012
Project("{8BC9CEB8-8B4A-11D0-8D11-00A0C91BC942}") = "TravelPlanner", "TravelPlanner\TravelPlanner.vcxproj", "{104868BF-4359-4F25-BA37-BBC877D13D0B}"
EndProject
Global
	GlobalSection(SolutionConfigurationPlatforms) = preSolution
		Debug|Win32 = Debug|Win32
		Release|Win32 = Release|Win32
	EndGlobalSection
	GlobalSection(ProjectConfigurationPlatforms) = postSolution
		{104868BF-4359-4F25-BA37-BBC877D13D0B}.Debug|Win32.ActiveCfg = Debug|Win32
		{104868BF-4359-4F25-BA37-BBC877D13D0B}.Debug|Win32.Build.0 = Debug|Win32
		{104868BF-4359-4F25-BA37-BBC877D13D0B}.Release|Win32.ActiveCfg = Release|Win32
		{104868BF-4359-4F25-BA37-BBC877D13D0B}.Release|Win32.Build.0 = Release|Win32
	EndGlobalSection
	GlobalSection(SolutionProperties) = preSolution
		HideSolutionNode = FALSE
	EndGlobalSection
EndGlobal
