
Microsoft Visual Studio Solution File, Format Version 12.00
# Visual Studio 2012
Project("{8BC9CEB8-8B4A-11D0-8D11-00A0C91BC942}") = "TicTacToe2", "TicTacToe2\TicTacToe2.vcxproj", "{560C58D4-06CA-4264-9B08-8494771CC0CB}"
EndProject
Global
	GlobalSection(SolutionConfigurationPlatforms) = preSolution
		Debug|Win32 = Debug|Win32
		Release|Win32 = Release|Win32
	EndGlobalSection
	GlobalSection(ProjectConfigurationPlatforms) = postSolution
		{560C58D4-06CA-4264-9B08-8494771CC0CB}.Debug|Win32.ActiveCfg = Debug|Win32
		{560C58D4-06CA-4264-9B08-8494771CC0CB}.Debug|Win32.Build.0 = Debug|Win32
		{560C58D4-06CA-4264-9B08-8494771CC0CB}.Release|Win32.ActiveCfg = Release|Win32
		{560C58D4-06CA-4264-9B08-8494771CC0CB}.Release|Win32.Build.0 = Release|Win32
	EndGlobalSection
	GlobalSection(SolutionProperties) = preSolution
		HideSolutionNode = FALSE
	EndGlobalSection
EndGlobal
